
Microsoft Visual Studio Solution File, Format Version 12.00
# Visual Studio Version 17
VisualStudioVersion = 17.8.34316.72
MinimumVisualStudioVersion = 10.0.40219.1
Project("{FAE04EC0-301F-11D3-BF4B-00C04F79EFBC}") = "BitVavoGui", "BitVavoGui.csproj", "{1B5E5317-D29D-4FC3-B6E9-BFE1CBBDE5F7}"
EndProject
Global
	GlobalSection(SolutionConfigurationPlatforms) = preSolution
		Debug|Any CPU = Debug|Any CPU
		Release|Any CPU = Release|Any CPU
	EndGlobalSection
	GlobalSection(ProjectConfigurationPlatforms) = postSolution
		{1B5E5317-D29D-4FC3-B6E9-BFE1CBBDE5F7}.Debug|Any CPU.ActiveCfg = Debug|Any CPU
		{1B5E5317-D29D-4FC3-B6E9-BFE1CBBDE5F7}.Debug|Any CPU.Build.0 = Debug|Any CPU
		{1B5E5317-D29D-4FC3-B6E9-BFE1CBBDE5F7}.Release|Any CPU.ActiveCfg = Release|Any CPU
		{1B5E5317-D29D-4FC3-B6E9-BFE1CBBDE5F7}.Release|Any CPU.Build.0 = Release|Any CPU
	EndGlobalSection
	GlobalSection(SolutionProperties) = preSolution
		HideSolutionNode = FALSE
	EndGlobalSection
	GlobalSection(ExtensibilityGlobals) = postSolution
		SolutionGuid = {80D91317-DDB6-4ADE-865A-4BB2C8DE60B1}
	EndGlobalSection
EndGlobal
